
Microsoft Visual Studio Solution File, Format Version 11.00
# Visual Studio 2010
Project("{FAE04EC0-301F-11D3-BF4B-00C04F79EFBC}") = "ftgl-sharp", "ftgl-sharp.csproj", "{99C822F6-3FAB-4C6B-979C-EB0FA42AE615}"
EndProject
Global
	GlobalSection(SolutionConfigurationPlatforms) = preSolution
		Debug|Any CPU = Debug|Any CPU
		Release|Any CPU = Release|Any CPU
	EndGlobalSection
	GlobalSection(ProjectConfigurationPlatforms) = postSolution
		{99C822F6-3FAB-4C6B-979C-EB0FA42AE615}.Debug|Any CPU.ActiveCfg = Debug|Any CPU
		{99C822F6-3FAB-4C6B-979C-EB0FA42AE615}.Debug|Any CPU.Build.0 = Debug|Any CPU
		{99C822F6-3FAB-4C6B-979C-EB0FA42AE615}.Release|Any CPU.ActiveCfg = Release|Any CPU
		{99C822F6-3FAB-4C6B-979C-EB0FA42AE615}.Release|Any CPU.Build.0 = Release|Any CPU
	EndGlobalSection
	GlobalSection(MonoDevelopProperties) = preSolution
		StartupItem = ftgl-sharp.csproj
	EndGlobalSection
EndGlobal
